
Microsoft Visual Studio Solution File, Format Version 12.00
# Visual Studio 2012
Project("{FAE04EC0-301F-11D3-BF4B-00C04F79EFBC}") = "DP.Singleton", "DP.Singleton\DP.Singleton.csproj", "{DB13AC99-4303-4675-9E34-8DF88E4A0C76}"
EndProject
Project("{FAE04EC0-301F-11D3-BF4B-00C04F79EFBC}") = "SingletonConsole", "SingletonConsole\SingletonConsole.csproj", "{5901344D-7348-4745-8992-F87078B47A34}"
EndProject
Project("{2150E333-8FDC-42A3-9474-1A3956D46DE8}") = "Singleton", "Singleton", "{8C10CA6B-5578-4FFA-9BB8-139896320EDD}"
EndProject
Project("{2150E333-8FDC-42A3-9474-1A3956D46DE8}") = "SimpleFactory", "SimpleFactory", "{003BCD2F-8232-4103-9947-F21663F316DF}"
EndProject
Project("{FAE04EC0-301F-11D3-BF4B-00C04F79EFBC}") = "SimpleFactoryConsole", "SimpleFactoryConsole\SimpleFactoryConsole.csproj", "{ECDD73FC-BAB9-422F-9B3F-2D1F08B1F8F9}"
EndProject
Project("{FAE04EC0-301F-11D3-BF4B-00C04F79EFBC}") = "DP.SimpleFactory", "DP.SimpleFactory\DP.SimpleFactory.csproj", "{29EF5A47-F35E-4755-B3D8-433DADD34C5C}"
EndProject
Project("{2150E333-8FDC-42A3-9474-1A3956D46DE8}") = "FactoryMethod", "FactoryMethod", "{5E162E97-3A51-4093-A25F-5E85E993BB1E}"
EndProject
Project("{FAE04EC0-301F-11D3-BF4B-00C04F79EFBC}") = "DP.FactoryMethod", "DP.FactoryMethod\DP.FactoryMethod.csproj", "{1807816E-A3F3-4468-9572-34CCC2DF89F4}"
EndProject
Project("{FAE04EC0-301F-11D3-BF4B-00C04F79EFBC}") = "FactoryMethodConsole", "FactoryMethodConsole\FactoryMethodConsole.csproj", "{20D73F74-3153-4657-9ABF-A01D64CA82A0}"
EndProject
Global
	GlobalSection(SolutionConfigurationPlatforms) = preSolution
		Debug|Any CPU = Debug|Any CPU
		Release|Any CPU = Release|Any CPU
	EndGlobalSection
	GlobalSection(ProjectConfigurationPlatforms) = postSolution
		{DB13AC99-4303-4675-9E34-8DF88E4A0C76}.Debug|Any CPU.ActiveCfg = Debug|Any CPU
		{DB13AC99-4303-4675-9E34-8DF88E4A0C76}.Debug|Any CPU.Build.0 = Debug|Any CPU
		{DB13AC99-4303-4675-9E34-8DF88E4A0C76}.Release|Any CPU.ActiveCfg = Release|Any CPU
		{DB13AC99-4303-4675-9E34-8DF88E4A0C76}.Release|Any CPU.Build.0 = Release|Any CPU
		{5901344D-7348-4745-8992-F87078B47A34}.Debug|Any CPU.ActiveCfg = Debug|Any CPU
		{5901344D-7348-4745-8992-F87078B47A34}.Debug|Any CPU.Build.0 = Debug|Any CPU
		{5901344D-7348-4745-8992-F87078B47A34}.Release|Any CPU.ActiveCfg = Release|Any CPU
		{5901344D-7348-4745-8992-F87078B47A34}.Release|Any CPU.Build.0 = Release|Any CPU
		{ECDD73FC-BAB9-422F-9B3F-2D1F08B1F8F9}.Debug|Any CPU.ActiveCfg = Debug|Any CPU
		{ECDD73FC-BAB9-422F-9B3F-2D1F08B1F8F9}.Debug|Any CPU.Build.0 = Debug|Any CPU
		{ECDD73FC-BAB9-422F-9B3F-2D1F08B1F8F9}.Release|Any CPU.ActiveCfg = Release|Any CPU
		{ECDD73FC-BAB9-422F-9B3F-2D1F08B1F8F9}.Release|Any CPU.Build.0 = Release|Any CPU
		{29EF5A47-F35E-4755-B3D8-433DADD34C5C}.Debug|Any CPU.ActiveCfg = Debug|Any CPU
		{29EF5A47-F35E-4755-B3D8-433DADD34C5C}.Debug|Any CPU.Build.0 = Debug|Any CPU
		{29EF5A47-F35E-4755-B3D8-433DADD34C5C}.Release|Any CPU.ActiveCfg = Release|Any CPU
		{29EF5A47-F35E-4755-B3D8-433DADD34C5C}.Release|Any CPU.Build.0 = Release|Any CPU
		{1807816E-A3F3-4468-9572-34CCC2DF89F4}.Debug|Any CPU.ActiveCfg = Debug|Any CPU
		{1807816E-A3F3-4468-9572-34CCC2DF89F4}.Debug|Any CPU.Build.0 = Debug|Any CPU
		{1807816E-A3F3-4468-9572-34CCC2DF89F4}.Release|Any CPU.ActiveCfg = Release|Any CPU
		{1807816E-A3F3-4468-9572-34CCC2DF89F4}.Release|Any CPU.Build.0 = Release|Any CPU
		{20D73F74-3153-4657-9ABF-A01D64CA82A0}.Debug|Any CPU.ActiveCfg = Debug|Any CPU
		{20D73F74-3153-4657-9ABF-A01D64CA82A0}.Debug|Any CPU.Build.0 = Debug|Any CPU
		{20D73F74-3153-4657-9ABF-A01D64CA82A0}.Release|Any CPU.ActiveCfg = Release|Any CPU
		{20D73F74-3153-4657-9ABF-A01D64CA82A0}.Release|Any CPU.Build.0 = Release|Any CPU
	EndGlobalSection
	GlobalSection(SolutionProperties) = preSolution
		HideSolutionNode = FALSE
	EndGlobalSection
	GlobalSection(NestedProjects) = preSolution
		{5901344D-7348-4745-8992-F87078B47A34} = {8C10CA6B-5578-4FFA-9BB8-139896320EDD}
		{DB13AC99-4303-4675-9E34-8DF88E4A0C76} = {8C10CA6B-5578-4FFA-9BB8-139896320EDD}
		{ECDD73FC-BAB9-422F-9B3F-2D1F08B1F8F9} = {003BCD2F-8232-4103-9947-F21663F316DF}
		{29EF5A47-F35E-4755-B3D8-433DADD34C5C} = {003BCD2F-8232-4103-9947-F21663F316DF}
		{1807816E-A3F3-4468-9572-34CCC2DF89F4} = {5E162E97-3A51-4093-A25F-5E85E993BB1E}
		{20D73F74-3153-4657-9ABF-A01D64CA82A0} = {5E162E97-3A51-4093-A25F-5E85E993BB1E}
	EndGlobalSection
EndGlobal
