
Microsoft Visual Studio Solution File, Format Version 12.00
# Visual Studio 2012
Project("{FAE04EC0-301F-11D3-BF4B-00C04F79EFBC}") = "DP.Singleton", "DP.Singleton\DP.Singleton.csproj", "{DB13AC99-4303-4675-9E34-8DF88E4A0C76}"
EndProject
Project("{FAE04EC0-301F-11D3-BF4B-00C04F79EFBC}") = "SingletonConsole", "SingletonConsole\SingletonConsole.csproj", "{5901344D-7348-4745-8992-F87078B47A34}"
EndProject
Project("{2150E333-8FDC-42A3-9474-1A3956D46DE8}") = "Singleton", "Singleton", "{8C10CA6B-5578-4FFA-9BB8-139896320EDD}"
EndProject
Global
	GlobalSection(SolutionConfigurationPlatforms) = preSolution
		Debug|Any CPU = Debug|Any CPU
		Release|Any CPU = Release|Any CPU
	EndGlobalSection
	GlobalSection(ProjectConfigurationPlatforms) = postSolution
		{DB13AC99-4303-4675-9E34-8DF88E4A0C76}.Debug|Any CPU.ActiveCfg = Debug|Any CPU
		{DB13AC99-4303-4675-9E34-8DF88E4A0C76}.Debug|Any CPU.Build.0 = Debug|Any CPU
		{DB13AC99-4303-4675-9E34-8DF88E4A0C76}.Release|Any CPU.ActiveCfg = Release|Any CPU
		{DB13AC99-4303-4675-9E34-8DF88E4A0C76}.Release|Any CPU.Build.0 = Release|Any CPU
		{5901344D-7348-4745-8992-F87078B47A34}.Debug|Any CPU.ActiveCfg = Debug|Any CPU
		{5901344D-7348-4745-8992-F87078B47A34}.Debug|Any CPU.Build.0 = Debug|Any CPU
		{5901344D-7348-4745-8992-F87078B47A34}.Release|Any CPU.ActiveCfg = Release|Any CPU
		{5901344D-7348-4745-8992-F87078B47A34}.Release|Any CPU.Build.0 = Release|Any CPU
	EndGlobalSection
	GlobalSection(SolutionProperties) = preSolution
		HideSolutionNode = FALSE
	EndGlobalSection
	GlobalSection(NestedProjects) = preSolution
		{5901344D-7348-4745-8992-F87078B47A34} = {8C10CA6B-5578-4FFA-9BB8-139896320EDD}
		{DB13AC99-4303-4675-9E34-8DF88E4A0C76} = {8C10CA6B-5578-4FFA-9BB8-139896320EDD}
	EndGlobalSection
EndGlobal
